// !$*UTF8*$!
{
	archiveVersion = 1;
	classes = {
	};
	objectVersion = 48;
	objects = {

/* Begin PBXBuildFile section */
		4B9736761FB37DE100EB7C96 /* AppDelegate.swift in Sources */ = {isa = PBXBuildFile; fileRef = 4B9736751FB37DE100EB7C96 /* AppDelegate.swift */; };
		4B9736781FB37DE100EB7C96 /* ViewController.swift in Sources */ = {isa = PBXBuildFile; fileRef = 4B9736771FB37DE100EB7C96 /* ViewController.swift */; };
		4B97367B1FB37DE100EB7C96 /* Main.storyboard in Resources */ = {isa = PBXBuildFile; fileRef = 4B9736791FB37DE100EB7C96 /* Main.storyboard */; };
		4B97367D1FB37DE100EB7C96 /* Assets.xcassets in Resources */ = {isa = PBXBuildFile; fileRef = 4B97367C1FB37DE100EB7C96 /* Assets.xcassets */; };
		4B9736801FB37DE100EB7C96 /* LaunchScreen.storyboard in Resources */ = {isa = PBXBuildFile; fileRef = 4B97367E1FB37DE100EB7C96 /* LaunchScreen.storyboard */; };
		4B9736B01FB37E3C00EB7C96 /* coke01.jpg in Resources */ = {isa = PBXBuildFile; fileRef = 4B9736A81FB37E2B00EB7C96 /* coke01.jpg */; };
		4B9736B11FB37E3C00EB7C96 /* coke02.jpg in Resources */ = {isa = PBXBuildFile; fileRef = 4B9736961FB37E2800EB7C96 /* coke02.jpg */; };
		4B9736B21FB37E3C00EB7C96 /* pub01.jpg in Resources */ = {isa = PBXBuildFile; fileRef = 4B97369B1FB37E2800EB7C96 /* pub01.jpg */; };
		4B9736B31FB37E3C00EB7C96 /* pub02.jpg in Resources */ = {isa = PBXBuildFile; fileRef = 4B9736951FB37E2800EB7C96 /* pub02.jpg */; };
		4B9736B41FB37E3C00EB7C96 /* pub03.jpg in Resources */ = {isa = PBXBuildFile; fileRef = 4B9736A41FB37E2900EB7C96 /* pub03.jpg */; };
		4B9736B51FB37E3C00EB7C96 /* pub04.jpg in Resources */ = {isa = PBXBuildFile; fileRef = 4B9736AD1FB37E2B00EB7C96 /* pub04.jpg */; };
		4B9736B61FB37E3C00EB7C96 /* pub05.jpg in Resources */ = {isa = PBXBuildFile; fileRef = 4B97368D1FB37E2700EB7C96 /* pub05.jpg */; };
		4B9736B71FB37E3C00EB7C96 /* pub06.jpg in Resources */ = {isa = PBXBuildFile; fileRef = 4B9736A01FB37E2900EB7C96 /* pub06.jpg */; };
		4B9736B81FB37E3C00EB7C96 /* pub07.jpg in Resources */ = {isa = PBXBuildFile; fileRef = 4B9736991FB37E2800EB7C96 /* pub07.jpg */; };
		4B9736B91FB37E3C00EB7C96 /* pub08.jpg in Resources */ = {isa = PBXBuildFile; fileRef = 4B97368C1FB37E2700EB7C96 /* pub08.jpg */; };
		4B9736BA1FB37E3C00EB7C96 /* pub09.jpg in Resources */ = {isa = PBXBuildFile; fileRef = 4B9736A11FB37E2900EB7C96 /* pub09.jpg */; };
		4B9736BB1FB37E3C00EB7C96 /* pub10.jpg in Resources */ = {isa = PBXBuildFile; fileRef = 4B97368F1FB37E2700EB7C96 /* pub10.jpg */; };
		4B9736BC1FB37E3C00EB7C96 /* pub11.jpg in Resources */ = {isa = PBXBuildFile; fileRef = 4B9736911FB37E2700EB7C96 /* pub11.jpg */; };
		4B9736BD1FB37E3C00EB7C96 /* pub12.jpg in Resources */ = {isa = PBXBuildFile; fileRef = 4B97369C1FB37E2800EB7C96 /* pub12.jpg */; };
		4B9736BE1FB37E3C00EB7C96 /* pub13.jpg in Resources */ = {isa = PBXBuildFile; fileRef = 4B9736AC1FB37E2B00EB7C96 /* pub13.jpg */; };
		4B9736BF1FB37E3C00EB7C96 /* pub14.jpg in Resources */ = {isa = PBXBuildFile; fileRef = 4B9736931FB37E2700EB7C96 /* pub14.jpg */; };
		4B9736C01FB37E3C00EB7C96 /* pub15.jpg in Resources */ = {isa = PBXBuildFile; fileRef = 4B9736A91FB37E2B00EB7C96 /* pub15.jpg */; };
		4B9736C11FB37E3C00EB7C96 /* pub16.jpg in Resources */ = {isa = PBXBuildFile; fileRef = 4B97369D1FB37E2800EB7C96 /* pub16.jpg */; };
		4B9736C21FB37E3C00EB7C96 /* pub17.jpg in Resources */ = {isa = PBXBuildFile; fileRef = 4B9736A21FB37E2900EB7C96 /* pub17.jpg */; };
		4B9736C31FB37E3C00EB7C96 /* pub18.jpg in Resources */ = {isa = PBXBuildFile; fileRef = 4B97369F1FB37E2900EB7C96 /* pub18.jpg */; };
		4B9736C41FB37E3C00EB7C96 /* pub19.jpg in Resources */ = {isa = PBXBuildFile; fileRef = 4B9736AE1FB37E2B00EB7C96 /* pub19.jpg */; };
		4B9736C51FB37E3C00EB7C96 /* pub20.jpg in Resources */ = {isa = PBXBuildFile; fileRef = 4B9736A31FB37E2900EB7C96 /* pub20.jpg */; };
		4B9736C61FB37E3C00EB7C96 /* pub21.jpg in Resources */ = {isa = PBXBuildFile; fileRef = 4B9736A51FB37E2900EB7C96 /* pub21.jpg */; };
		4B9736C71FB37E3C00EB7C96 /* pub22.jpg in Resources */ = {isa = PBXBuildFile; fileRef = 4B9736901FB37E2700EB7C96 /* pub22.jpg */; };
		4B9736C81FB37E3C00EB7C96 /* pub23.jpg in Resources */ = {isa = PBXBuildFile; fileRef = 4B97368E1FB37E2700EB7C96 /* pub23.jpg */; };
		4B9736C91FB37E3C00EB7C96 /* pub24.jpg in Resources */ = {isa = PBXBuildFile; fileRef = 4B9736921FB37E2700EB7C96 /* pub24.jpg */; };
		4B9736CA1FB37E3C00EB7C96 /* pub25.png in Resources */ = {isa = PBXBuildFile; fileRef = 4B9736A61FB37E2A00EB7C96 /* pub25.png */; };
		4B9736CB1FB37E3C00EB7C96 /* pub26.jpg in Resources */ = {isa = PBXBuildFile; fileRef = 4B9736971FB37E2800EB7C96 /* pub26.jpg */; };
		4B9736CC1FB37E3C00EB7C96 /* pub27.jpg in Resources */ = {isa = PBXBuildFile; fileRef = 4B9736A71FB37E2A00EB7C96 /* pub27.jpg */; };
		4B9736CD1FB37E3C00EB7C96 /* pub28.jpg in Resources */ = {isa = PBXBuildFile; fileRef = 4B9736AA1FB37E2B00EB7C96 /* pub28.jpg */; };
		4B9736CE1FB37E3C00EB7C96 /* pub29.jpg in Resources */ = {isa = PBXBuildFile; fileRef = 4B97369E1FB37E2900EB7C96 /* pub29.jpg */; };
		4B9736CF1FB37E3C00EB7C96 /* pub30.jpg in Resources */ = {isa = PBXBuildFile; fileRef = 4B9736AB1FB37E2B00EB7C96 /* pub30.jpg */; };
		4B9736D01FB37E3C00EB7C96 /* pub31.jpg in Resources */ = {isa = PBXBuildFile; fileRef = 4B9736941FB37E2800EB7C96 /* pub31.jpg */; };
		4B9736D11FB37E3C00EB7C96 /* pub32.jpg in Resources */ = {isa = PBXBuildFile; fileRef = 4B9736981FB37E2800EB7C96 /* pub32.jpg */; };
		4B9736D21FB37E3C00EB7C96 /* pub33.jpg in Resources */ = {isa = PBXBuildFile; fileRef = 4B97369A1FB37E2800EB7C96 /* pub33.jpg */; };
		4B9736D31FB37E3C00EB7C96 /* frame05.png in Resources */ = {isa = PBXBuildFile; fileRef = 4B97368B1FB37E1900EB7C96 /* frame05.png */; };
		4B9736D41FB37E3C00EB7C96 /* brick01.jpg in Resources */ = {isa = PBXBuildFile; fileRef = 4B97368A1FB37E1400EB7C96 /* brick01.jpg */; };
		4B9736D51FB37E4000EB7C96 /* lesDonnes.plist in Resources */ = {isa = PBXBuildFile; fileRef = 4B9736AF1FB37E3400EB7C96 /* lesDonnes.plist */; };
		4B9736D71FB3828500EB7C96 /* CVCAffiche.swift in Sources */ = {isa = PBXBuildFile; fileRef = 4B9736D61FB3828500EB7C96 /* CVCAffiche.swift */; };
		4B9736DD1FB3971900EB7C96 /* VCDetail.swift in Sources */ = {isa = PBXBuildFile; fileRef = 4B9736DB1FB3971600EB7C96 /* VCDetail.swift */; };
/* End PBXBuildFile section */

/* Begin PBXFileReference section */
		4B9736721FB37DE100EB7C96 /* oswr1540130_tp2_exposition.app */ = {isa = PBXFileReference; explicitFileType = wrapper.application; includeInIndex = 0; path = oswr1540130_tp2_exposition.app; sourceTree = BUILT_PRODUCTS_DIR; };
		4B9736751FB37DE100EB7C96 /* AppDelegate.swift */ = {isa = PBXFileReference; lastKnownFileType = sourcecode.swift; path = AppDelegate.swift; sourceTree = "<group>"; };
		4B9736771FB37DE100EB7C96 /* ViewController.swift */ = {isa = PBXFileReference; lastKnownFileType = sourcecode.swift; path = ViewController.swift; sourceTree = "<group>"; };
		4B97367A1FB37DE100EB7C96 /* Base */ = {isa = PBXFileReference; lastKnownFileType = file.storyboard; name = Base; path = Base.lproj/Main.storyboard; sourceTree = "<group>"; };
		4B97367C1FB37DE100EB7C96 /* Assets.xcassets */ = {isa = PBXFileReference; lastKnownFileType = folder.assetcatalog; path = Assets.xcassets; sourceTree = "<group>"; };
		4B97367F1FB37DE100EB7C96 /* Base */ = {isa = PBXFileReference; lastKnownFileType = file.storyboard; name = Base; path = Base.lproj/LaunchScreen.storyboard; sourceTree = "<group>"; };
		4B9736811FB37DE100EB7C96 /* Info.plist */ = {isa = PBXFileReference; lastKnownFileType = text.plist.xml; path = Info.plist; sourceTree = "<group>"; };
		4B97368A1FB37E1400EB7C96 /* brick01.jpg */ = {isa = PBXFileReference; lastKnownFileType = image.jpeg; path = brick01.jpg; sourceTree = "<group>"; };
		4B97368B1FB37E1900EB7C96 /* frame05.png */ = {isa = PBXFileReference; lastKnownFileType = image.png; path = frame05.png; sourceTree = "<group>"; };
		4B97368C1FB37E2700EB7C96 /* pub08.jpg */ = {isa = PBXFileReference; lastKnownFileType = image.jpeg; path = pub08.jpg; sourceTree = "<group>"; };
		4B97368D1FB37E2700EB7C96 /* pub05.jpg */ = {isa = PBXFileReference; lastKnownFileType = image.jpeg; path = pub05.jpg; sourceTree = "<group>"; };
		4B97368E1FB37E2700EB7C96 /* pub23.jpg */ = {isa = PBXFileReference; lastKnownFileType = image.jpeg; path = pub23.jpg; sourceTree = "<group>"; };
		4B97368F1FB37E2700EB7C96 /* pub10.jpg */ = {isa = PBXFileReference; lastKnownFileType = image.jpeg; path = pub10.jpg; sourceTree = "<group>"; };
		4B9736901FB37E2700EB7C96 /* pub22.jpg */ = {isa = PBXFileReference; lastKnownFileType = image.jpeg; path = pub22.jpg; sourceTree = "<group>"; };
		4B9736911FB37E2700EB7C96 /* pub11.jpg */ = {isa = PBXFileReference; lastKnownFileType = image.jpeg; path = pub11.jpg; sourceTree = "<group>"; };
		4B9736921FB37E2700EB7C96 /* pub24.jpg */ = {isa = PBXFileReference; lastKnownFileType = image.jpeg; path = pub24.jpg; sourceTree = "<group>"; };
		4B9736931FB37E2700EB7C96 /* pub14.jpg */ = {isa = PBXFileReference; lastKnownFileType = image.jpeg; path = pub14.jpg; sourceTree = "<group>"; };
		4B9736941FB37E2800EB7C96 /* pub31.jpg */ = {isa = PBXFileReference; lastKnownFileType = image.jpeg; path = pub31.jpg; sourceTree = "<group>"; };
		4B9736951FB37E2800EB7C96 /* pub02.jpg */ = {isa = PBXFileReference; lastKnownFileType = image.jpeg; path = pub02.jpg; sourceTree = "<group>"; };
		4B9736961FB37E2800EB7C96 /* coke02.jpg */ = {isa = PBXFileReference; lastKnownFileType = image.jpeg; path = coke02.jpg; sourceTree = "<group>"; };
		4B9736971FB37E2800EB7C96 /* pub26.jpg */ = {isa = PBXFileReference; lastKnownFileType = image.jpeg; path = pub26.jpg; sourceTree = "<group>"; };
		4B9736981FB37E2800EB7C96 /* pub32.jpg */ = {isa = PBXFileReference; lastKnownFileType = image.jpeg; path = pub32.jpg; sourceTree = "<group>"; };
		4B9736991FB37E2800EB7C96 /* pub07.jpg */ = {isa = PBXFileReference; lastKnownFileType = image.jpeg; path = pub07.jpg; sourceTree = "<group>"; };
		4B97369A1FB37E2800EB7C96 /* pub33.jpg */ = {isa = PBXFileReference; lastKnownFileType = image.jpeg; path = pub33.jpg; sourceTree = "<group>"; };
		4B97369B1FB37E2800EB7C96 /* pub01.jpg */ = {isa = PBXFileReference; lastKnownFileType = image.jpeg; path = pub01.jpg; sourceTree = "<group>"; };
		4B97369C1FB37E2800EB7C96 /* pub12.jpg */ = {isa = PBXFileReference; lastKnownFileType = image.jpeg; path = pub12.jpg; sourceTree = "<group>"; };
		4B97369D1FB37E2800EB7C96 /* pub16.jpg */ = {isa = PBXFileReference; lastKnownFileType = image.jpeg; path = pub16.jpg; sourceTree = "<group>"; };
		4B97369E1FB37E2900EB7C96 /* pub29.jpg */ = {isa = PBXFileReference; lastKnownFileType = image.jpeg; path = pub29.jpg; sourceTree = "<group>"; };
		4B97369F1FB37E2900EB7C96 /* pub18.jpg */ = {isa = PBXFileReference; lastKnownFileType = image.jpeg; path = pub18.jpg; sourceTree = "<group>"; };
		4B9736A01FB37E2900EB7C96 /* pub06.jpg */ = {isa = PBXFileReference; lastKnownFileType = image.jpeg; path = pub06.jpg; sourceTree = "<group>"; };
		4B9736A11FB37E2900EB7C96 /* pub09.jpg */ = {isa = PBXFileReference; lastKnownFileType = image.jpeg; path = pub09.jpg; sourceTree = "<group>"; };
		4B9736A21FB37E2900EB7C96 /* pub17.jpg */ = {isa = PBXFileReference; lastKnownFileType = image.jpeg; path = pub17.jpg; sourceTree = "<group>"; };
		4B9736A31FB37E2900EB7C96 /* pub20.jpg */ = {isa = PBXFileReference; lastKnownFileType = image.jpeg; path = pub20.jpg; sourceTree = "<group>"; };
		4B9736A41FB37E2900EB7C96 /* pub03.jpg */ = {isa = PBXFileReference; lastKnownFileType = image.jpeg; path = pub03.jpg; sourceTree = "<group>"; };
		4B9736A51FB37E2900EB7C96 /* pub21.jpg */ = {isa = PBXFileReference; lastKnownFileType = image.jpeg; path = pub21.jpg; sourceTree = "<group>"; };
		4B9736A61FB37E2A00EB7C96 /* pub25.png */ = {isa = PBXFileReference; lastKnownFileType = image.png; path = pub25.png; sourceTree = "<group>"; };
		4B9736A71FB37E2A00EB7C96 /* pub27.jpg */ = {isa = PBXFileReference; lastKnownFileType = image.jpeg; path = pub27.jpg; sourceTree = "<group>"; };
		4B9736A81FB37E2B00EB7C96 /* coke01.jpg */ = {isa = PBXFileReference; lastKnownFileType = image.jpeg; path = coke01.jpg; sourceTree = "<group>"; };
		4B9736A91FB37E2B00EB7C96 /* pub15.jpg */ = {isa = PBXFileReference; lastKnownFileType = image.jpeg; path = pub15.jpg; sourceTree = "<group>"; };
		4B9736AA1FB37E2B00EB7C96 /* pub28.jpg */ = {isa = PBXFileReference; lastKnownFileType = image.jpeg; path = pub28.jpg; sourceTree = "<group>"; };
		4B9736AB1FB37E2B00EB7C96 /* pub30.jpg */ = {isa = PBXFileReference; lastKnownFileType = image.jpeg; path = pub30.jpg; sourceTree = "<group>"; };
		4B9736AC1FB37E2B00EB7C96 /* pub13.jpg */ = {isa = PBXFileReference; lastKnownFileType = image.jpeg; path = pub13.jpg; sourceTree = "<group>"; };
		4B9736AD1FB37E2B00EB7C96 /* pub04.jpg */ = {isa = PBXFileReference; lastKnownFileType = image.jpeg; path = pub04.jpg; sourceTree = "<group>"; };
		4B9736AE1FB37E2B00EB7C96 /* pub19.jpg */ = {isa = PBXFileReference; lastKnownFileType = image.jpeg; path = pub19.jpg; sourceTree = "<group>"; };
		4B9736AF1FB37E3400EB7C96 /* lesDonnes.plist */ = {isa = PBXFileReference; lastKnownFileType = text.plist.xml; path = lesDonnes.plist; sourceTree = "<group>"; };
		4B9736D61FB3828500EB7C96 /* CVCAffiche.swift */ = {isa = PBXFileReference; lastKnownFileType = sourcecode.swift; path = CVCAffiche.swift; sourceTree = "<group>"; };
		4B9736DB1FB3971600EB7C96 /* VCDetail.swift */ = {isa = PBXFileReference; lastKnownFileType = sourcecode.swift; path = VCDetail.swift; sourceTree = "<group>"; };
/* End PBXFileReference section */

/* Begin PBXFrameworksBuildPhase section */
		4B97366F1FB37DE100EB7C96 /* Frameworks */ = {
			isa = PBXFrameworksBuildPhase;
			buildActionMask = 2147483647;
			files = (
			);
			runOnlyForDeploymentPostprocessing = 0;
		};
/* End PBXFrameworksBuildPhase section */

/* Begin PBXGroup section */
		4B9736691FB37DE100EB7C96 = {
			isa = PBXGroup;
			children = (
				4B9736741FB37DE100EB7C96 /* oswr1540130_tp2_exposition */,
				4B9736731FB37DE100EB7C96 /* Products */,
			);
			sourceTree = "<group>";
		};
		4B9736731FB37DE100EB7C96 /* Products */ = {
			isa = PBXGroup;
			children = (
				4B9736721FB37DE100EB7C96 /* oswr1540130_tp2_exposition.app */,
			);
			name = Products;
			sourceTree = "<group>";
		};
		4B9736741FB37DE100EB7C96 /* oswr1540130_tp2_exposition */ = {
			isa = PBXGroup;
			children = (
				4B9736871FB37DED00EB7C96 /* ressources */,
				4B9736751FB37DE100EB7C96 /* AppDelegate.swift */,
				4B9736771FB37DE100EB7C96 /* ViewController.swift */,
				4B9736791FB37DE100EB7C96 /* Main.storyboard */,
				4B97367C1FB37DE100EB7C96 /* Assets.xcassets */,
				4B97367E1FB37DE100EB7C96 /* LaunchScreen.storyboard */,
				4B9736811FB37DE100EB7C96 /* Info.plist */,
			);
			path = oswr1540130_tp2_exposition;
			sourceTree = "<group>";
		};
		4B9736871FB37DED00EB7C96 /* ressources */ = {
			isa = PBXGroup;
			children = (
				4B9736AF1FB37E3400EB7C96 /* lesDonnes.plist */,
				4B9736891FB37E0000EB7C96 /* classes */,
				4B9736881FB37DFA00EB7C96 /* image */,
			);
			path = ressources;
			sourceTree = "<group>";
		};
		4B9736881FB37DFA00EB7C96 /* image */ = {
			isa = PBXGroup;
			children = (
				4B9736A81FB37E2B00EB7C96 /* coke01.jpg */,
				4B9736961FB37E2800EB7C96 /* coke02.jpg */,
				4B97369B1FB37E2800EB7C96 /* pub01.jpg */,
				4B9736951FB37E2800EB7C96 /* pub02.jpg */,
				4B9736A41FB37E2900EB7C96 /* pub03.jpg */,
				4B9736AD1FB37E2B00EB7C96 /* pub04.jpg */,
				4B97368D1FB37E2700EB7C96 /* pub05.jpg */,
				4B9736A01FB37E2900EB7C96 /* pub06.jpg */,
				4B9736991FB37E2800EB7C96 /* pub07.jpg */,
				4B97368C1FB37E2700EB7C96 /* pub08.jpg */,
				4B9736A11FB37E2900EB7C96 /* pub09.jpg */,
				4B97368F1FB37E2700EB7C96 /* pub10.jpg */,
				4B9736911FB37E2700EB7C96 /* pub11.jpg */,
				4B97369C1FB37E2800EB7C96 /* pub12.jpg */,
				4B9736AC1FB37E2B00EB7C96 /* pub13.jpg */,
				4B9736931FB37E2700EB7C96 /* pub14.jpg */,
				4B9736A91FB37E2B00EB7C96 /* pub15.jpg */,
				4B97369D1FB37E2800EB7C96 /* pub16.jpg */,
				4B9736A21FB37E2900EB7C96 /* pub17.jpg */,
				4B97369F1FB37E2900EB7C96 /* pub18.jpg */,
				4B9736AE1FB37E2B00EB7C96 /* pub19.jpg */,
				4B9736A31FB37E2900EB7C96 /* pub20.jpg */,
				4B9736A51FB37E2900EB7C96 /* pub21.jpg */,
				4B9736901FB37E2700EB7C96 /* pub22.jpg */,
				4B97368E1FB37E2700EB7C96 /* pub23.jpg */,
				4B9736921FB37E2700EB7C96 /* pub24.jpg */,
				4B9736A61FB37E2A00EB7C96 /* pub25.png */,
				4B9736971FB37E2800EB7C96 /* pub26.jpg */,
				4B9736A71FB37E2A00EB7C96 /* pub27.jpg */,
				4B9736AA1FB37E2B00EB7C96 /* pub28.jpg */,
				4B97369E1FB37E2900EB7C96 /* pub29.jpg */,
				4B9736AB1FB37E2B00EB7C96 /* pub30.jpg */,
				4B9736941FB37E2800EB7C96 /* pub31.jpg */,
				4B9736981FB37E2800EB7C96 /* pub32.jpg */,
				4B97369A1FB37E2800EB7C96 /* pub33.jpg */,
				4B97368B1FB37E1900EB7C96 /* frame05.png */,
				4B97368A1FB37E1400EB7C96 /* brick01.jpg */,
			);
			path = image;
			sourceTree = "<group>";
		};
		4B9736891FB37E0000EB7C96 /* classes */ = {
			isa = PBXGroup;
			children = (
				4B9736D61FB3828500EB7C96 /* CVCAffiche.swift */,
				4B9736DB1FB3971600EB7C96 /* VCDetail.swift */,
			);
			path = classes;
			sourceTree = "<group>";
		};
/* End PBXGroup section */

/* Begin PBXNativeTarget section */
		4B9736711FB37DE100EB7C96 /* oswr1540130_tp2_exposition */ = {
			isa = PBXNativeTarget;
			buildConfigurationList = 4B9736841FB37DE100EB7C96 /* Build configuration list for PBXNativeTarget "oswr1540130_tp2_exposition" */;
			buildPhases = (
				4B97366E1FB37DE100EB7C96 /* Sources */,
				4B97366F1FB37DE100EB7C96 /* Frameworks */,
				4B9736701FB37DE100EB7C96 /* Resources */,
			);
			buildRules = (
			);
			dependencies = (
			);
			name = oswr1540130_tp2_exposition;
			productName = oswr1540130_tp2_exposition;
			productReference = 4B9736721FB37DE100EB7C96 /* oswr1540130_tp2_exposition.app */;
			productType = "com.apple.product-type.application";
		};
/* End PBXNativeTarget section */

/* Begin PBXProject section */
		4B97366A1FB37DE100EB7C96 /* Project object */ = {
			isa = PBXProject;
			attributes = {
				LastSwiftUpdateCheck = 0900;
				LastUpgradeCheck = 0900;
				ORGANIZATIONNAME = "Exposition Ryan Oswick";
				TargetAttributes = {
					4B9736711FB37DE100EB7C96 = {
						CreatedOnToolsVersion = 9.0;
						ProvisioningStyle = Automatic;
					};
				};
			};
			buildConfigurationList = 4B97366D1FB37DE100EB7C96 /* Build configuration list for PBXProject "oswr1540130_tp2_exposition" */;
			compatibilityVersion = "Xcode 8.0";
			developmentRegion = en;
			hasScannedForEncodings = 0;
			knownRegions = (
				en,
				Base,
			);
			mainGroup = 4B9736691FB37DE100EB7C96;
			productRefGroup = 4B9736731FB37DE100EB7C96 /* Products */;
			projectDirPath = "";
			projectRoot = "";
			targets = (
				4B9736711FB37DE100EB7C96 /* oswr1540130_tp2_exposition */,
			);
		};
/* End PBXProject section */

/* Begin PBXResourcesBuildPhase section */
		4B9736701FB37DE100EB7C96 /* Resources */ = {
			isa = PBXResourcesBuildPhase;
			buildActionMask = 2147483647;
			files = (
				4B9736C31FB37E3C00EB7C96 /* pub18.jpg in Resources */,
				4B9736C41FB37E3C00EB7C96 /* pub19.jpg in Resources */,
				4B9736B11FB37E3C00EB7C96 /* coke02.jpg in Resources */,
				4B9736BC1FB37E3C00EB7C96 /* pub11.jpg in Resources */,
				4B9736CE1FB37E3C00EB7C96 /* pub29.jpg in Resources */,
				4B9736CD1FB37E3C00EB7C96 /* pub28.jpg in Resources */,
				4B9736B01FB37E3C00EB7C96 /* coke01.jpg in Resources */,
				4B9736D11FB37E3C00EB7C96 /* pub32.jpg in Resources */,
				4B9736D01FB37E3C00EB7C96 /* pub31.jpg in Resources */,
				4B9736BD1FB37E3C00EB7C96 /* pub12.jpg in Resources */,
				4B9736BA1FB37E3C00EB7C96 /* pub09.jpg in Resources */,
				4B9736C91FB37E3C00EB7C96 /* pub24.jpg in Resources */,
				4B9736CC1FB37E3C00EB7C96 /* pub27.jpg in Resources */,
				4B9736B91FB37E3C00EB7C96 /* pub08.jpg in Resources */,
				4B9736D41FB37E3C00EB7C96 /* brick01.jpg in Resources */,
				4B9736C81FB37E3C00EB7C96 /* pub23.jpg in Resources */,
				4B9736D21FB37E3C00EB7C96 /* pub33.jpg in Resources */,
				4B9736B61FB37E3C00EB7C96 /* pub05.jpg in Resources */,
				4B9736BE1FB37E3C00EB7C96 /* pub13.jpg in Resources */,
				4B9736B41FB37E3C00EB7C96 /* pub03.jpg in Resources */,
				4B9736B31FB37E3C00EB7C96 /* pub02.jpg in Resources */,
				4B9736BB1FB37E3C00EB7C96 /* pub10.jpg in Resources */,
				4B9736C21FB37E3C00EB7C96 /* pub17.jpg in Resources */,
				4B9736C61FB37E3C00EB7C96 /* pub21.jpg in Resources */,
				4B9736801FB37DE100EB7C96 /* LaunchScreen.storyboard in Resources */,
				4B97367D1FB37DE100EB7C96 /* Assets.xcassets in Resources */,
				4B9736B71FB37E3C00EB7C96 /* pub06.jpg in Resources */,
				4B9736C51FB37E3C00EB7C96 /* pub20.jpg in Resources */,
				4B9736B21FB37E3C00EB7C96 /* pub01.jpg in Resources */,
				4B9736CA1FB37E3C00EB7C96 /* pub25.png in Resources */,
				4B9736BF1FB37E3C00EB7C96 /* pub14.jpg in Resources */,
				4B9736CB1FB37E3C00EB7C96 /* pub26.jpg in Resources */,
				4B9736D31FB37E3C00EB7C96 /* frame05.png in Resources */,
				4B9736B51FB37E3C00EB7C96 /* pub04.jpg in Resources */,
				4B9736C01FB37E3C00EB7C96 /* pub15.jpg in Resources */,
				4B9736B81FB37E3C00EB7C96 /* pub07.jpg in Resources */,
				4B9736C11FB37E3C00EB7C96 /* pub16.jpg in Resources */,
				4B9736CF1FB37E3C00EB7C96 /* pub30.jpg in Resources */,
				4B9736D51FB37E4000EB7C96 /* lesDonnes.plist in Resources */,
				4B9736C71FB37E3C00EB7C96 /* pub22.jpg in Resources */,
				4B97367B1FB37DE100EB7C96 /* Main.storyboard in Resources */,
			);
			runOnlyForDeploymentPostprocessing = 0;
		};
/* End PBXResourcesBuildPhase section */

/* Begin PBXSourcesBuildPhase section */
		4B97366E1FB37DE100EB7C96 /* Sources */ = {
			isa = PBXSourcesBuildPhase;
			buildActionMask = 2147483647;
			files = (
				4B9736781FB37DE100EB7C96 /* ViewController.swift in Sources */,
				4B9736761FB37DE100EB7C96 /* AppDelegate.swift in Sources */,
				4B9736D71FB3828500EB7C96 /* CVCAffiche.swift in Sources */,
				4B9736DD1FB3971900EB7C96 /* VCDetail.swift in Sources */,
			);
			runOnlyForDeploymentPostprocessing = 0;
		};
/* End PBXSourcesBuildPhase section */

/* Begin PBXVariantGroup section */
		4B9736791FB37DE100EB7C96 /* Main.storyboard */ = {
			isa = PBXVariantGroup;
			children = (
				4B97367A1FB37DE100EB7C96 /* Base */,
			);
			name = Main.storyboard;
			sourceTree = "<group>";
		};
		4B97367E1FB37DE100EB7C96 /* LaunchScreen.storyboard */ = {
			isa = PBXVariantGroup;
			children = (
				4B97367F1FB37DE100EB7C96 /* Base */,
			);
			name = LaunchScreen.storyboard;
			sourceTree = "<group>";
		};
/* End PBXVariantGroup section */

/* Begin XCBuildConfiguration section */
		4B9736821FB37DE100EB7C96 /* Debug */ = {
			isa = XCBuildConfiguration;
			buildSettings = {
				ALWAYS_SEARCH_USER_PATHS = NO;
				CLANG_ANALYZER_NONNULL = YES;
				CLANG_ANALYZER_NUMBER_OBJECT_CONVERSION = YES_AGGRESSIVE;
				CLANG_CXX_LANGUAGE_STANDARD = "gnu++14";
				CLANG_CXX_LIBRARY = "libc++";
				CLANG_ENABLE_MODULES = YES;
				CLANG_ENABLE_OBJC_ARC = YES;
				CLANG_WARN_BLOCK_CAPTURE_AUTORELEASING = YES;
				CLANG_WARN_BOOL_CONVERSION = YES;
				CLANG_WARN_COMMA = YES;
				CLANG_WARN_CONSTANT_CONVERSION = YES;
				CLANG_WARN_DIRECT_OBJC_ISA_USAGE = YES_ERROR;
				CLANG_WARN_DOCUMENTATION_COMMENTS = YES;
				CLANG_WARN_EMPTY_BODY = YES;
				CLANG_WARN_ENUM_CONVERSION = YES;
				CLANG_WARN_INFINITE_RECURSION = YES;
				CLANG_WARN_INT_CONVERSION = YES;
				CLANG_WARN_NON_LITERAL_NULL_CONVERSION = YES;
				CLANG_WARN_OBJC_LITERAL_CONVERSION = YES;
				CLANG_WARN_OBJC_ROOT_CLASS = YES_ERROR;
				CLANG_WARN_RANGE_LOOP_ANALYSIS = YES;
				CLANG_WARN_STRICT_PROTOTYPES = YES;
				CLANG_WARN_SUSPICIOUS_MOVE = YES;
				CLANG_WARN_UNGUARDED_AVAILABILITY = YES_AGGRESSIVE;
				CLANG_WARN_UNREACHABLE_CODE = YES;
				CLANG_WARN__DUPLICATE_METHOD_MATCH = YES;
				CODE_SIGN_IDENTITY = "iPhone Developer";
				COPY_PHASE_STRIP = NO;
				DEBUG_INFORMATION_FORMAT = dwarf;
				ENABLE_STRICT_OBJC_MSGSEND = YES;
				ENABLE_TESTABILITY = YES;
				GCC_C_LANGUAGE_STANDARD = gnu11;
				GCC_DYNAMIC_NO_PIC = NO;
				GCC_NO_COMMON_BLOCKS = YES;
				GCC_OPTIMIZATION_LEVEL = 0;
				GCC_PREPROCESSOR_DEFINITIONS = (
					"DEBUG=1",
					"$(inherited)",
				);
				GCC_WARN_64_TO_32_BIT_CONVERSION = YES;
				GCC_WARN_ABOUT_RETURN_TYPE = YES_ERROR;
				GCC_WARN_UNDECLARED_SELECTOR = YES;
				GCC_WARN_UNINITIALIZED_AUTOS = YES_AGGRESSIVE;
				GCC_WARN_UNUSED_FUNCTION = YES;
				GCC_WARN_UNUSED_VARIABLE = YES;
				IPHONEOS_DEPLOYMENT_TARGET = 11.0;
				MTL_ENABLE_DEBUG_INFO = YES;
				ONLY_ACTIVE_ARCH = YES;
				SDKROOT = iphoneos;
				SWIFT_ACTIVE_COMPILATION_CONDITIONS = DEBUG;
				SWIFT_OPTIMIZATION_LEVEL = "-Onone";
			};
			name = Debug;
		};
		4B9736831FB37DE100EB7C96 /* Release */ = {
			isa = XCBuildConfiguration;
			buildSettings = {
				ALWAYS_SEARCH_USER_PATHS = NO;
				CLANG_ANALYZER_NONNULL = YES;
				CLANG_ANALYZER_NUMBER_OBJECT_CONVERSION = YES_AGGRESSIVE;
				CLANG_CXX_LANGUAGE_STANDARD = "gnu++14";
				CLANG_CXX_LIBRARY = "libc++";
				CLANG_ENABLE_MODULES = YES;
				CLANG_ENABLE_OBJC_ARC = YES;
				CLANG_WARN_BLOCK_CAPTURE_AUTORELEASING = YES;
				CLANG_WARN_BOOL_CONVERSION = YES;
				CLANG_WARN_COMMA = YES;
				CLANG_WARN_CONSTANT_CONVERSION = YES;
				CLANG_WARN_DIRECT_OBJC_ISA_USAGE = YES_ERROR;
				CLANG_WARN_DOCUMENTATION_COMMENTS = YES;
				CLANG_WARN_EMPTY_BODY = YES;
				CLANG_WARN_ENUM_CONVERSION = YES;
				CLANG_WARN_INFINITE_RECURSION = YES;
				CLANG_WARN_INT_CONVERSION = YES;
				CLANG_WARN_NON_LITERAL_NULL_CONVERSION = YES;
				CLANG_WARN_OBJC_LITERAL_CONVERSION = YES;
				CLANG_WARN_OBJC_ROOT_CLASS = YES_ERROR;
				CLANG_WARN_RANGE_LOOP_ANALYSIS = YES;
				CLANG_WARN_STRICT_PROTOTYPES = YES;
				CLANG_WARN_SUSPICIOUS_MOVE = YES;
				CLANG_WARN_UNGUARDED_AVAILABILITY = YES_AGGRESSIVE;
				CLANG_WARN_UNREACHABLE_CODE = YES;
				CLANG_WARN__DUPLICATE_METHOD_MATCH = YES;
				CODE_SIGN_IDENTITY = "iPhone Developer";
				COPY_PHASE_STRIP = NO;
				DEBUG_INFORMATION_FORMAT = "dwarf-with-dsym";
				ENABLE_NS_ASSERTIONS = NO;
				ENABLE_STRICT_OBJC_MSGSEND = YES;
				GCC_C_LANGUAGE_STANDARD = gnu11;
				GCC_NO_COMMON_BLOCKS = YES;
				GCC_WARN_64_TO_32_BIT_CONVERSION = YES;
				GCC_WARN_ABOUT_RETURN_TYPE = YES_ERROR;
				GCC_WARN_UNDECLARED_SELECTOR = YES;
				GCC_WARN_UNINITIALIZED_AUTOS = YES_AGGRESSIVE;
				GCC_WARN_UNUSED_FUNCTION = YES;
				GCC_WARN_UNUSED_VARIABLE = YES;
				IPHONEOS_DEPLOYMENT_TARGET = 11.0;
				MTL_ENABLE_DEBUG_INFO = NO;
				SDKROOT = iphoneos;
				SWIFT_OPTIMIZATION_LEVEL = "-Owholemodule";
				VALIDATE_PRODUCT = YES;
			};
			name = Release;
		};
		4B9736851FB37DE100EB7C96 /* Debug */ = {
			isa = XCBuildConfiguration;
			buildSettings = {
				ASSETCATALOG_COMPILER_APPICON_NAME = AppIcon;
				CODE_SIGN_STYLE = Automatic;
				INFOPLIST_FILE = oswr1540130_tp2_exposition/Info.plist;
				LD_RUNPATH_SEARCH_PATHS = "$(inherited) @executable_path/Frameworks";
				PRODUCT_BUNDLE_IDENTIFIER = "ca.qc.cstj.tim.oswr1540130-tp2-exposition";
				PRODUCT_NAME = "$(TARGET_NAME)";
				SWIFT_VERSION = 4.0;
				TARGETED_DEVICE_FAMILY = "1,2";
			};
			name = Debug;
		};
		4B9736861FB37DE100EB7C96 /* Release */ = {
			isa = XCBuildConfiguration;
			buildSettings = {
				ASSETCATALOG_COMPILER_APPICON_NAME = AppIcon;
				CODE_SIGN_STYLE = Automatic;
				INFOPLIST_FILE = oswr1540130_tp2_exposition/Info.plist;
				LD_RUNPATH_SEARCH_PATHS = "$(inherited) @executable_path/Frameworks";
				PRODUCT_BUNDLE_IDENTIFIER = "ca.qc.cstj.tim.oswr1540130-tp2-exposition";
				PRODUCT_NAME = "$(TARGET_NAME)";
				SWIFT_VERSION = 4.0;
				TARGETED_DEVICE_FAMILY = "1,2";
			};
			name = Release;
		};
/* End XCBuildConfiguration section */

/* Begin XCConfigurationList section */
		4B97366D1FB37DE100EB7C96 /* Build configuration list for PBXProject "oswr1540130_tp2_exposition" */ = {
			isa = XCConfigurationList;
			buildConfigurations = (
				4B9736821FB37DE100EB7C96 /* Debug */,
				4B9736831FB37DE100EB7C96 /* Release */,
			);
			defaultConfigurationIsVisible = 0;
			defaultConfigurationName = Release;
		};
		4B9736841FB37DE100EB7C96 /* Build configuration list for PBXNativeTarget "oswr1540130_tp2_exposition" */ = {
			isa = XCConfigurationList;
			buildConfigurations = (
				4B9736851FB37DE100EB7C96 /* Debug */,
				4B9736861FB37DE100EB7C96 /* Release */,
			);
			defaultConfigurationIsVisible = 0;
			defaultConfigurationName = Release;
		};
/* End XCConfigurationList section */
	};
	rootObject = 4B97366A1FB37DE100EB7C96 /* Project object */;
}
